
Microsoft Visual Studio Solution File, Format Version 12.00
# Visual Studio 15
VisualStudioVersion = 15.0.27428.2037
MinimumVisualStudioVersion = 10.0.40219.1
Project("{FAE04EC0-301F-11D3-BF4B-00C04F79EFBC}") = "IndexEstadistica", "IndexEstadistica\IndexEstadistica.csproj", "{396D7819-B6C9-4776-8DEA-61BDA7B03856}"
EndProject
Global
	GlobalSection(SolutionConfigurationPlatforms) = preSolution
		Debug|Any CPU = Debug|Any CPU
		Release|Any CPU = Release|Any CPU
	EndGlobalSection
	GlobalSection(ProjectConfigurationPlatforms) = postSolution
		{396D7819-B6C9-4776-8DEA-61BDA7B03856}.Debug|Any CPU.ActiveCfg = Debug|Any CPU
		{396D7819-B6C9-4776-8DEA-61BDA7B03856}.Debug|Any CPU.Build.0 = Debug|Any CPU
		{396D7819-B6C9-4776-8DEA-61BDA7B03856}.Release|Any CPU.ActiveCfg = Release|Any CPU
		{396D7819-B6C9-4776-8DEA-61BDA7B03856}.Release|Any CPU.Build.0 = Release|Any CPU
	EndGlobalSection
	GlobalSection(SolutionProperties) = preSolution
		HideSolutionNode = FALSE
	EndGlobalSection
	GlobalSection(ExtensibilityGlobals) = postSolution
		SolutionGuid = {FEB263B4-351D-4A50-ABBF-326FF7EBA964}
	EndGlobalSection
EndGlobal
